
Microsoft Visual Studio Solution File, Format Version 12.00
# Visual Studio Version 16
VisualStudioVersion = 16.0.30320.27
MinimumVisualStudioVersion = 10.0.40219.1
Project("{FAE04EC0-301F-11D3-BF4B-00C04F79EFBC}") = "introduction", "introduction.csproj", "{C4152759-DE90-48AB-85FD-2F604BB20A22}"
EndProject
Global
	GlobalSection(SolutionConfigurationPlatforms) = preSolution
		Debug|Any CPU = Debug|Any CPU
		Release|Any CPU = Release|Any CPU
	EndGlobalSection
	GlobalSection(ProjectConfigurationPlatforms) = postSolution
		{C4152759-DE90-48AB-85FD-2F604BB20A22}.Debug|Any CPU.ActiveCfg = Debug|Any CPU
		{C4152759-DE90-48AB-85FD-2F604BB20A22}.Debug|Any CPU.Build.0 = Debug|Any CPU
		{C4152759-DE90-48AB-85FD-2F604BB20A22}.Release|Any CPU.ActiveCfg = Release|Any CPU
		{C4152759-DE90-48AB-85FD-2F604BB20A22}.Release|Any CPU.Build.0 = Release|Any CPU
	EndGlobalSection
	GlobalSection(SolutionProperties) = preSolution
		HideSolutionNode = FALSE
	EndGlobalSection
	GlobalSection(ExtensibilityGlobals) = postSolution
		SolutionGuid = {8E244943-6CC0-4F74-A174-A22F7340B47D}
	EndGlobalSection
EndGlobal
